
Microsoft Visual Studio Solution File, Format Version 12.00
# Visual Studio 15
VisualStudioVersion = 15.0.28307.572
MinimumVisualStudioVersion = 10.0.40219.1
Project("{FAE04EC0-301F-11D3-BF4B-00C04F79EFBC}") = "MyCourses", "MyCourses\MyCourses.csproj", "{CCE13EF5-5854-4D8C-8749-B2E259A595E4}"
EndProject
Global
	GlobalSection(SolutionConfigurationPlatforms) = preSolution
		Debug|Any CPU = Debug|Any CPU
		Release|Any CPU = Release|Any CPU
	EndGlobalSection
	GlobalSection(ProjectConfigurationPlatforms) = postSolution
		{CCE13EF5-5854-4D8C-8749-B2E259A595E4}.Debug|Any CPU.ActiveCfg = Debug|Any CPU
		{CCE13EF5-5854-4D8C-8749-B2E259A595E4}.Debug|Any CPU.Build.0 = Debug|Any CPU
		{CCE13EF5-5854-4D8C-8749-B2E259A595E4}.Release|Any CPU.ActiveCfg = Release|Any CPU
		{CCE13EF5-5854-4D8C-8749-B2E259A595E4}.Release|Any CPU.Build.0 = Release|Any CPU
	EndGlobalSection
	GlobalSection(SolutionProperties) = preSolution
		HideSolutionNode = FALSE
	EndGlobalSection
	GlobalSection(ExtensibilityGlobals) = postSolution
		SolutionGuid = {736BDA67-A26A-4BEB-ADA2-7F3950C0E474}
	EndGlobalSection
EndGlobal
